// !$*UTF8*$!
{
	archiveVersion = 1;
	classes = {
	};
	objectVersion = 51;
	objects = {

/* Begin PBXBuildFile section */
		427FE1AD23E9914E001D1DA6 /* AppDelegate.swift in Sources */ = {isa = PBXBuildFile; fileRef = 427FE1AC23E9914E001D1DA6 /* AppDelegate.swift */; };
		427FE1AF23E9914E001D1DA6 /* SceneDelegate.swift in Sources */ = {isa = PBXBuildFile; fileRef = 427FE1AE23E9914E001D1DA6 /* SceneDelegate.swift */; };
		427FE1B423E9914E001D1DA6 /* Main.storyboard in Resources */ = {isa = PBXBuildFile; fileRef = 427FE1B223E9914E001D1DA6 /* Main.storyboard */; };
		427FE1B623E99150001D1DA6 /* Assets.xcassets in Resources */ = {isa = PBXBuildFile; fileRef = 427FE1B523E99150001D1DA6 /* Assets.xcassets */; };
		427FE1B923E99150001D1DA6 /* LaunchScreen.storyboard in Resources */ = {isa = PBXBuildFile; fileRef = 427FE1B723E99150001D1DA6 /* LaunchScreen.storyboard */; };
		427FE1C123E992C6001D1DA6 /* SignUpViewController.swift in Sources */ = {isa = PBXBuildFile; fileRef = 427FE1C023E992C6001D1DA6 /* SignUpViewController.swift */; };
		427FE1C323E9931C001D1DA6 /* SignInViewController.swift in Sources */ = {isa = PBXBuildFile; fileRef = 427FE1C223E9931C001D1DA6 /* SignInViewController.swift */; };
		42A6A40A23E99C7D001E77A4 /* HomeViewController.swift in Sources */ = {isa = PBXBuildFile; fileRef = 42A6A40923E99C7D001E77A4 /* HomeViewController.swift */; };
		42A6A40E23E99C98001E77A4 /* CameraViewController.swift in Sources */ = {isa = PBXBuildFile; fileRef = 42A6A40D23E99C98001E77A4 /* CameraViewController.swift */; };
		42A6A41023E99CA4001E77A4 /* ActivityViewController.swift in Sources */ = {isa = PBXBuildFile; fileRef = 42A6A40F23E99CA4001E77A4 /* ActivityViewController.swift */; };
		42A6A41223E99CAE001E77A4 /* ProfileViewController.swift in Sources */ = {isa = PBXBuildFile; fileRef = 42A6A41123E99CAE001E77A4 /* ProfileViewController.swift */; };
		42A6A41423E99D14001E77A4 /* DiscoverViewController.swift in Sources */ = {isa = PBXBuildFile; fileRef = 42A6A41323E99D14001E77A4 /* DiscoverViewController.swift */; };
		42A6A41723E99FBB001E77A4 /* Tab.storyboard in Resources */ = {isa = PBXBuildFile; fileRef = 42A6A41523E99FBB001E77A4 /* Tab.storyboard */; };
		42A6A41A23E9A1C1001E77A4 /* Home.storyboard in Resources */ = {isa = PBXBuildFile; fileRef = 42A6A41823E9A1C1001E77A4 /* Home.storyboard */; };
		42A6A41C23E9A20D001E77A4 /* Discover.storyboard in Resources */ = {isa = PBXBuildFile; fileRef = 42A6A41B23E9A20D001E77A4 /* Discover.storyboard */; };
		42A6A41F23E9A23D001E77A4 /* Camera.storyboard in Resources */ = {isa = PBXBuildFile; fileRef = 42A6A41D23E9A23D001E77A4 /* Camera.storyboard */; };
		42A6A42123E9A25E001E77A4 /* Activity.storyboard in Resources */ = {isa = PBXBuildFile; fileRef = 42A6A42023E9A25E001E77A4 /* Activity.storyboard */; };
		42A6A42423E9A295001E77A4 /* Profile.storyboard in Resources */ = {isa = PBXBuildFile; fileRef = 42A6A42223E9A295001E77A4 /* Profile.storyboard */; };
		42A6A42823EADCFE001E77A4 /* GoogleService-Info.plist in Resources */ = {isa = PBXBuildFile; fileRef = 42A6A42723EADCFE001E77A4 /* GoogleService-Info.plist */; };
		42EA8B7523EE582E00A33780 /* AuthService.swift in Sources */ = {isa = PBXBuildFile; fileRef = 42EA8B7423EE582E00A33780 /* AuthService.swift */; };
		42EA8B7823EE632600A33780 /* Config.swift in Sources */ = {isa = PBXBuildFile; fileRef = 42EA8B7723EE632600A33780 /* Config.swift */; };
		42EA8B7D23EE650F00A33780 /* ProgressHUD.bundle in Resources */ = {isa = PBXBuildFile; fileRef = 42EA8B7A23EE650F00A33780 /* ProgressHUD.bundle */; };
		42EA8B7E23EE650F00A33780 /* ProgressHUD.m in Sources */ = {isa = PBXBuildFile; fileRef = 42EA8B7C23EE650F00A33780 /* ProgressHUD.m */; };
		7FFD530C23EFAAB40088A385 /* Post.swift in Sources */ = {isa = PBXBuildFile; fileRef = 7FFD530B23EFAAB40088A385 /* Post.swift */; };
		7FFD531123EFBE2A0088A385 /* HomeTableViewCell.swift in Sources */ = {isa = PBXBuildFile; fileRef = 7FFD531023EFBE2A0088A385 /* HomeTableViewCell.swift */; };
		D9D1922FB0FAB3E47C3148B9 /* Pods_Doggable.framework in Frameworks */ = {isa = PBXBuildFile; fileRef = 292DC73035E84493CE42AAAE /* Pods_Doggable.framework */; };
/* End PBXBuildFile section */

/* Begin PBXFileReference section */
		292DC73035E84493CE42AAAE /* Pods_Doggable.framework */ = {isa = PBXFileReference; explicitFileType = wrapper.framework; includeInIndex = 0; path = Pods_Doggable.framework; sourceTree = BUILT_PRODUCTS_DIR; };
		427FE1A923E9914E001D1DA6 /* Doggable.app */ = {isa = PBXFileReference; explicitFileType = wrapper.application; includeInIndex = 0; path = Doggable.app; sourceTree = BUILT_PRODUCTS_DIR; };
		427FE1AC23E9914E001D1DA6 /* AppDelegate.swift */ = {isa = PBXFileReference; lastKnownFileType = sourcecode.swift; path = AppDelegate.swift; sourceTree = "<group>"; };
		427FE1AE23E9914E001D1DA6 /* SceneDelegate.swift */ = {isa = PBXFileReference; lastKnownFileType = sourcecode.swift; path = SceneDelegate.swift; sourceTree = "<group>"; };
		427FE1B323E9914E001D1DA6 /* Base */ = {isa = PBXFileReference; lastKnownFileType = file.storyboard; name = Base; path = Base.lproj/Main.storyboard; sourceTree = "<group>"; };
		427FE1B523E99150001D1DA6 /* Assets.xcassets */ = {isa = PBXFileReference; lastKnownFileType = folder.assetcatalog; path = Assets.xcassets; sourceTree = "<group>"; };
		427FE1B823E99150001D1DA6 /* Base */ = {isa = PBXFileReference; lastKnownFileType = file.storyboard; name = Base; path = Base.lproj/LaunchScreen.storyboard; sourceTree = "<group>"; };
		427FE1BA23E99150001D1DA6 /* Info.plist */ = {isa = PBXFileReference; lastKnownFileType = text.plist.xml; path = Info.plist; sourceTree = "<group>"; };
		427FE1C023E992C6001D1DA6 /* SignUpViewController.swift */ = {isa = PBXFileReference; lastKnownFileType = sourcecode.swift; path = SignUpViewController.swift; sourceTree = "<group>"; };
		427FE1C223E9931C001D1DA6 /* SignInViewController.swift */ = {isa = PBXFileReference; lastKnownFileType = sourcecode.swift; path = SignInViewController.swift; sourceTree = "<group>"; };
		42A6A40923E99C7D001E77A4 /* HomeViewController.swift */ = {isa = PBXFileReference; lastKnownFileType = sourcecode.swift; path = HomeViewController.swift; sourceTree = "<group>"; };
		42A6A40D23E99C98001E77A4 /* CameraViewController.swift */ = {isa = PBXFileReference; lastKnownFileType = sourcecode.swift; path = CameraViewController.swift; sourceTree = "<group>"; };
		42A6A40F23E99CA4001E77A4 /* ActivityViewController.swift */ = {isa = PBXFileReference; lastKnownFileType = sourcecode.swift; path = ActivityViewController.swift; sourceTree = "<group>"; };
		42A6A41123E99CAE001E77A4 /* ProfileViewController.swift */ = {isa = PBXFileReference; lastKnownFileType = sourcecode.swift; path = ProfileViewController.swift; sourceTree = "<group>"; };
		42A6A41323E99D14001E77A4 /* DiscoverViewController.swift */ = {isa = PBXFileReference; lastKnownFileType = sourcecode.swift; path = DiscoverViewController.swift; sourceTree = "<group>"; };
		42A6A41623E99FBB001E77A4 /* Base */ = {isa = PBXFileReference; lastKnownFileType = file.storyboard; name = Base; path = Doggable/Base.lproj/Tab.storyboard; sourceTree = "<group>"; };
		42A6A41923E9A1C1001E77A4 /* Base */ = {isa = PBXFileReference; lastKnownFileType = file.storyboard; name = Base; path = Doggable/Doggable/Base.lproj/Home.storyboard; sourceTree = "<group>"; };
		42A6A41B23E9A20D001E77A4 /* Discover.storyboard */ = {isa = PBXFileReference; fileEncoding = 4; lastKnownFileType = file.storyboard; path = Discover.storyboard; sourceTree = "<group>"; };
		42A6A41E23E9A23D001E77A4 /* Base */ = {isa = PBXFileReference; lastKnownFileType = file.storyboard; name = Base; path = Doggable/Doggable/Base.lproj/Camera.storyboard; sourceTree = "<group>"; };
		42A6A42023E9A25E001E77A4 /* Activity.storyboard */ = {isa = PBXFileReference; fileEncoding = 4; lastKnownFileType = file.storyboard; path = Activity.storyboard; sourceTree = "<group>"; };
		42A6A42323E9A295001E77A4 /* Base */ = {isa = PBXFileReference; lastKnownFileType = file.storyboard; name = Base; path = Doggable/Doggable/Base.lproj/Profile.storyboard; sourceTree = "<group>"; };
		42A6A42723EADCFE001E77A4 /* GoogleService-Info.plist */ = {isa = PBXFileReference; fileEncoding = 4; lastKnownFileType = text.plist.xml; path = "GoogleService-Info.plist"; sourceTree = "<group>"; };
		42EA8B7423EE582E00A33780 /* AuthService.swift */ = {isa = PBXFileReference; lastKnownFileType = sourcecode.swift; path = AuthService.swift; sourceTree = "<group>"; };
		42EA8B7723EE632600A33780 /* Config.swift */ = {isa = PBXFileReference; lastKnownFileType = sourcecode.swift; path = Config.swift; sourceTree = "<group>"; };
		42EA8B7923EE650E00A33780 /* Doggable-Bridging-Header.h */ = {isa = PBXFileReference; lastKnownFileType = sourcecode.c.h; path = "Doggable-Bridging-Header.h"; sourceTree = "<group>"; };
		42EA8B7A23EE650F00A33780 /* ProgressHUD.bundle */ = {isa = PBXFileReference; lastKnownFileType = "wrapper.plug-in"; path = ProgressHUD.bundle; sourceTree = "<group>"; };
		42EA8B7B23EE650F00A33780 /* ProgressHUD.h */ = {isa = PBXFileReference; fileEncoding = 4; lastKnownFileType = sourcecode.c.h; path = ProgressHUD.h; sourceTree = "<group>"; };
		42EA8B7C23EE650F00A33780 /* ProgressHUD.m */ = {isa = PBXFileReference; fileEncoding = 4; lastKnownFileType = sourcecode.c.objc; path = ProgressHUD.m; sourceTree = "<group>"; };
		7FFD530B23EFAAB40088A385 /* Post.swift */ = {isa = PBXFileReference; lastKnownFileType = sourcecode.swift; path = Post.swift; sourceTree = "<group>"; };
		7FFD531023EFBE2A0088A385 /* HomeTableViewCell.swift */ = {isa = PBXFileReference; lastKnownFileType = sourcecode.swift; path = HomeTableViewCell.swift; sourceTree = "<group>"; };
		E8723B0F44A83788F8EF0269 /* Pods-Doggable.release.xcconfig */ = {isa = PBXFileReference; includeInIndex = 1; lastKnownFileType = text.xcconfig; name = "Pods-Doggable.release.xcconfig"; path = "Target Support Files/Pods-Doggable/Pods-Doggable.release.xcconfig"; sourceTree = "<group>"; };
		ECD83ECC86A9284D60899F17 /* Pods-Doggable.debug.xcconfig */ = {isa = PBXFileReference; includeInIndex = 1; lastKnownFileType = text.xcconfig; name = "Pods-Doggable.debug.xcconfig"; path = "Target Support Files/Pods-Doggable/Pods-Doggable.debug.xcconfig"; sourceTree = "<group>"; };
/* End PBXFileReference section */

/* Begin PBXFrameworksBuildPhase section */
		427FE1A623E9914E001D1DA6 /* Frameworks */ = {
			isa = PBXFrameworksBuildPhase;
			buildActionMask = 2147483647;
			files = (
				D9D1922FB0FAB3E47C3148B9 /* Pods_Doggable.framework in Frameworks */,
			);
			runOnlyForDeploymentPostprocessing = 0;
		};
/* End PBXFrameworksBuildPhase section */

/* Begin PBXGroup section */
		427FE1A023E9914E001D1DA6 = {
			isa = PBXGroup;
			children = (
				427FE1AB23E9914E001D1DA6 /* Doggable */,
				427FE1AA23E9914E001D1DA6 /* Products */,
				75BC5EA3DF544395C1459BC5 /* Pods */,
				9EFEBE5C4716FCCB0EBF7FF4 /* Frameworks */,
			);
			sourceTree = "<group>";
		};
		427FE1AA23E9914E001D1DA6 /* Products */ = {
			isa = PBXGroup;
			children = (
				427FE1A923E9914E001D1DA6 /* Doggable.app */,
			);
			name = Products;
			sourceTree = "<group>";
		};
		427FE1AB23E9914E001D1DA6 /* Doggable */ = {
			isa = PBXGroup;
			children = (
				42EA8B7623EE583E00A33780 /* Model */,
				42A6A42523E9A75C001E77A4 /* View */,
				42A6A42623E9A772001E77A4 /* Controller */,
				427FE1BA23E99150001D1DA6 /* Info.plist */,
				42A6A42723EADCFE001E77A4 /* GoogleService-Info.plist */,
				427FE1AC23E9914E001D1DA6 /* AppDelegate.swift */,
				427FE1AE23E9914E001D1DA6 /* SceneDelegate.swift */,
				42EA8B7A23EE650F00A33780 /* ProgressHUD.bundle */,
				42EA8B7B23EE650F00A33780 /* ProgressHUD.h */,
				42EA8B7C23EE650F00A33780 /* ProgressHUD.m */,
				42EA8B7923EE650E00A33780 /* Doggable-Bridging-Header.h */,
			);
			path = Doggable;
			sourceTree = "<group>";
		};
		42A6A42523E9A75C001E77A4 /* View */ = {
			isa = PBXGroup;
			children = (
				42A6A42223E9A295001E77A4 /* Profile.storyboard */,
				42A6A42023E9A25E001E77A4 /* Activity.storyboard */,
				42A6A41D23E9A23D001E77A4 /* Camera.storyboard */,
				42A6A41B23E9A20D001E77A4 /* Discover.storyboard */,
				42A6A41823E9A1C1001E77A4 /* Home.storyboard */,
				42A6A41523E99FBB001E77A4 /* Tab.storyboard */,
				427FE1B223E9914E001D1DA6 /* Main.storyboard */,
				427FE1B523E99150001D1DA6 /* Assets.xcassets */,
				427FE1B723E99150001D1DA6 /* LaunchScreen.storyboard */,
			);
			path = View;
			sourceTree = "<group>";
		};
		42A6A42623E9A772001E77A4 /* Controller */ = {
			isa = PBXGroup;
			children = (
				42A6A41323E99D14001E77A4 /* DiscoverViewController.swift */,
				42A6A40923E99C7D001E77A4 /* HomeViewController.swift */,
				427FE1C023E992C6001D1DA6 /* SignUpViewController.swift */,
				42A6A40D23E99C98001E77A4 /* CameraViewController.swift */,
				42A6A40F23E99CA4001E77A4 /* ActivityViewController.swift */,
				42A6A41123E99CAE001E77A4 /* ProfileViewController.swift */,
				427FE1C223E9931C001D1DA6 /* SignInViewController.swift */,
				7FFD531023EFBE2A0088A385 /* HomeTableViewCell.swift */,
			);
			path = Controller;
			sourceTree = "<group>";
		};
		42EA8B7623EE583E00A33780 /* Model */ = {
			isa = PBXGroup;
			children = (
				42EA8B7423EE582E00A33780 /* AuthService.swift */,
				42EA8B7723EE632600A33780 /* Config.swift */,
				7FFD530B23EFAAB40088A385 /* Post.swift */,
			);
			path = Model;
			sourceTree = "<group>";
		};
		75BC5EA3DF544395C1459BC5 /* Pods */ = {
			isa = PBXGroup;
			children = (
				ECD83ECC86A9284D60899F17 /* Pods-Doggable.debug.xcconfig */,
				E8723B0F44A83788F8EF0269 /* Pods-Doggable.release.xcconfig */,
			);
			path = Pods;
			sourceTree = "<group>";
		};
		9EFEBE5C4716FCCB0EBF7FF4 /* Frameworks */ = {
			isa = PBXGroup;
			children = (
				292DC73035E84493CE42AAAE /* Pods_Doggable.framework */,
			);
			name = Frameworks;
			sourceTree = "<group>";
		};
/* End PBXGroup section */

/* Begin PBXNativeTarget section */
		427FE1A823E9914E001D1DA6 /* Doggable */ = {
			isa = PBXNativeTarget;
			buildConfigurationList = 427FE1BD23E99150001D1DA6 /* Build configuration list for PBXNativeTarget "Doggable" */;
			buildPhases = (
				3369693CD95C9C96D305980A /* [CP] Check Pods Manifest.lock */,
				427FE1A523E9914E001D1DA6 /* Sources */,
				427FE1A623E9914E001D1DA6 /* Frameworks */,
				427FE1A723E9914E001D1DA6 /* Resources */,
				CDB44A11746FE9ED7CC26206 /* [CP] Embed Pods Frameworks */,
			);
			buildRules = (
			);
			dependencies = (
			);
			name = Doggable;
			productName = Doggable;
			productReference = 427FE1A923E9914E001D1DA6 /* Doggable.app */;
			productType = "com.apple.product-type.application";
		};
/* End PBXNativeTarget section */

/* Begin PBXProject section */
		427FE1A123E9914E001D1DA6 /* Project object */ = {
			isa = PBXProject;
			attributes = {
				LastSwiftUpdateCheck = 1130;
				LastUpgradeCheck = 1130;
				ORGANIZATIONNAME = higuchiryunosuke;
				TargetAttributes = {
					427FE1A823E9914E001D1DA6 = {
						CreatedOnToolsVersion = 11.3;
						LastSwiftMigration = 1130;
					};
				};
			};
			buildConfigurationList = 427FE1A423E9914E001D1DA6 /* Build configuration list for PBXProject "Doggable" */;
			compatibilityVersion = "Xcode 9.3";
			developmentRegion = en;
			hasScannedForEncodings = 0;
			knownRegions = (
				en,
				Base,
			);
			mainGroup = 427FE1A023E9914E001D1DA6;
			productRefGroup = 427FE1AA23E9914E001D1DA6 /* Products */;
			projectDirPath = "";
			projectRoot = "";
			targets = (
				427FE1A823E9914E001D1DA6 /* Doggable */,
			);
		};
/* End PBXProject section */

/* Begin PBXResourcesBuildPhase section */
		427FE1A723E9914E001D1DA6 /* Resources */ = {
			isa = PBXResourcesBuildPhase;
			buildActionMask = 2147483647;
			files = (
				42EA8B7D23EE650F00A33780 /* ProgressHUD.bundle in Resources */,
				42A6A41723E99FBB001E77A4 /* Tab.storyboard in Resources */,
				42A6A41F23E9A23D001E77A4 /* Camera.storyboard in Resources */,
				42A6A41A23E9A1C1001E77A4 /* Home.storyboard in Resources */,
				427FE1B923E99150001D1DA6 /* LaunchScreen.storyboard in Resources */,
				42A6A42123E9A25E001E77A4 /* Activity.storyboard in Resources */,
				427FE1B623E99150001D1DA6 /* Assets.xcassets in Resources */,
				42A6A42423E9A295001E77A4 /* Profile.storyboard in Resources */,
				42A6A42823EADCFE001E77A4 /* GoogleService-Info.plist in Resources */,
				427FE1B423E9914E001D1DA6 /* Main.storyboard in Resources */,
				42A6A41C23E9A20D001E77A4 /* Discover.storyboard in Resources */,
			);
			runOnlyForDeploymentPostprocessing = 0;
		};
/* End PBXResourcesBuildPhase section */

/* Begin PBXShellScriptBuildPhase section */
		3369693CD95C9C96D305980A /* [CP] Check Pods Manifest.lock */ = {
			isa = PBXShellScriptBuildPhase;
			buildActionMask = 2147483647;
			files = (
			);
			inputFileListPaths = (
			);
			inputPaths = (
				"${PODS_PODFILE_DIR_PATH}/Podfile.lock",
				"${PODS_ROOT}/Manifest.lock",
			);
			name = "[CP] Check Pods Manifest.lock";
			outputFileListPaths = (
			);
			outputPaths = (
				"$(DERIVED_FILE_DIR)/Pods-Doggable-checkManifestLockResult.txt",
			);
			runOnlyForDeploymentPostprocessing = 0;
			shellPath = /bin/sh;
			shellScript = "diff \"${PODS_PODFILE_DIR_PATH}/Podfile.lock\" \"${PODS_ROOT}/Manifest.lock\" > /dev/null\nif [ $? != 0 ] ; then\n    # print error to STDERR\n    echo \"error: The sandbox is not in sync with the Podfile.lock. Run 'pod install' or update your CocoaPods installation.\" >&2\n    exit 1\nfi\n# This output is used by Xcode 'outputs' to avoid re-running this script phase.\necho \"SUCCESS\" > \"${SCRIPT_OUTPUT_FILE_0}\"\n";
			showEnvVarsInLog = 0;
		};
		CDB44A11746FE9ED7CC26206 /* [CP] Embed Pods Frameworks */ = {
			isa = PBXShellScriptBuildPhase;
			buildActionMask = 2147483647;
			files = (
			);
			inputFileListPaths = (
				"${PODS_ROOT}/Target Support Files/Pods-Doggable/Pods-Doggable-frameworks-${CONFIGURATION}-input-files.xcfilelist",
			);
			name = "[CP] Embed Pods Frameworks";
			outputFileListPaths = (
				"${PODS_ROOT}/Target Support Files/Pods-Doggable/Pods-Doggable-frameworks-${CONFIGURATION}-output-files.xcfilelist",
			);
			runOnlyForDeploymentPostprocessing = 0;
			shellPath = /bin/sh;
			shellScript = "\"${PODS_ROOT}/Target Support Files/Pods-Doggable/Pods-Doggable-frameworks.sh\"\n";
			showEnvVarsInLog = 0;
		};
/* End PBXShellScriptBuildPhase section */

/* Begin PBXSourcesBuildPhase section */
		427FE1A523E9914E001D1DA6 /* Sources */ = {
			isa = PBXSourcesBuildPhase;
			buildActionMask = 2147483647;
			files = (
				42A6A41223E99CAE001E77A4 /* ProfileViewController.swift in Sources */,
				427FE1AD23E9914E001D1DA6 /* AppDelegate.swift in Sources */,
				7FFD531123EFBE2A0088A385 /* HomeTableViewCell.swift in Sources */,
				427FE1C123E992C6001D1DA6 /* SignUpViewController.swift in Sources */,
				42A6A41023E99CA4001E77A4 /* ActivityViewController.swift in Sources */,
				7FFD530C23EFAAB40088A385 /* Post.swift in Sources */,
				42EA8B7823EE632600A33780 /* Config.swift in Sources */,
				427FE1C323E9931C001D1DA6 /* SignInViewController.swift in Sources */,
				42EA8B7E23EE650F00A33780 /* ProgressHUD.m in Sources */,
				42A6A40E23E99C98001E77A4 /* CameraViewController.swift in Sources */,
				427FE1AF23E9914E001D1DA6 /* SceneDelegate.swift in Sources */,
				42EA8B7523EE582E00A33780 /* AuthService.swift in Sources */,
				42A6A40A23E99C7D001E77A4 /* HomeViewController.swift in Sources */,
				42A6A41423E99D14001E77A4 /* DiscoverViewController.swift in Sources */,
			);
			runOnlyForDeploymentPostprocessing = 0;
		};
/* End PBXSourcesBuildPhase section */

/* Begin PBXVariantGroup section */
		427FE1B223E9914E001D1DA6 /* Main.storyboard */ = {
			isa = PBXVariantGroup;
			children = (
				427FE1B323E9914E001D1DA6 /* Base */,
			);
			name = Main.storyboard;
			sourceTree = "<group>";
		};
		427FE1B723E99150001D1DA6 /* LaunchScreen.storyboard */ = {
			isa = PBXVariantGroup;
			children = (
				427FE1B823E99150001D1DA6 /* Base */,
			);
			name = LaunchScreen.storyboard;
			sourceTree = "<group>";
		};
		42A6A41523E99FBB001E77A4 /* Tab.storyboard */ = {
			isa = PBXVariantGroup;
			children = (
				42A6A41623E99FBB001E77A4 /* Base */,
			);
			name = Tab.storyboard;
			sourceTree = "<group>";
		};
		42A6A41823E9A1C1001E77A4 /* Home.storyboard */ = {
			isa = PBXVariantGroup;
			children = (
				42A6A41923E9A1C1001E77A4 /* Base */,
			);
			name = Home.storyboard;
			sourceTree = "<group>";
		};
		42A6A41D23E9A23D001E77A4 /* Camera.storyboard */ = {
			isa = PBXVariantGroup;
			children = (
				42A6A41E23E9A23D001E77A4 /* Base */,
			);
			name = Camera.storyboard;
			sourceTree = "<group>";
		};
		42A6A42223E9A295001E77A4 /* Profile.storyboard */ = {
			isa = PBXVariantGroup;
			children = (
				42A6A42323E9A295001E77A4 /* Base */,
			);
			name = Profile.storyboard;
			sourceTree = "<group>";
		};
/* End PBXVariantGroup section */

/* Begin XCBuildConfiguration section */
		427FE1BB23E99150001D1DA6 /* Debug */ = {
			isa = XCBuildConfiguration;
			buildSettings = {
				ALWAYS_SEARCH_USER_PATHS = NO;
				CLANG_ANALYZER_NONNULL = YES;
				CLANG_ANALYZER_NUMBER_OBJECT_CONVERSION = YES_AGGRESSIVE;
				CLANG_CXX_LANGUAGE_STANDARD = "gnu++14";
				CLANG_CXX_LIBRARY = "libc++";
				CLANG_ENABLE_MODULES = YES;
				CLANG_ENABLE_OBJC_ARC = YES;
				CLANG_ENABLE_OBJC_WEAK = YES;
				CLANG_WARN_BLOCK_CAPTURE_AUTORELEASING = YES;
				CLANG_WARN_BOOL_CONVERSION = YES;
				CLANG_WARN_COMMA = YES;
				CLANG_WARN_CONSTANT_CONVERSION = YES;
				CLANG_WARN_DEPRECATED_OBJC_IMPLEMENTATIONS = YES;
				CLANG_WARN_DIRECT_OBJC_ISA_USAGE = YES_ERROR;
				CLANG_WARN_DOCUMENTATION_COMMENTS = YES;
				CLANG_WARN_EMPTY_BODY = YES;
				CLANG_WARN_ENUM_CONVERSION = YES;
				CLANG_WARN_INFINITE_RECURSION = YES;
				CLANG_WARN_INT_CONVERSION = YES;
				CLANG_WARN_NON_LITERAL_NULL_CONVERSION = YES;
				CLANG_WARN_OBJC_IMPLICIT_RETAIN_SELF = YES;
				CLANG_WARN_OBJC_LITERAL_CONVERSION = YES;
				CLANG_WARN_OBJC_ROOT_CLASS = YES_ERROR;
				CLANG_WARN_RANGE_LOOP_ANALYSIS = YES;
				CLANG_WARN_STRICT_PROTOTYPES = YES;
				CLANG_WARN_SUSPICIOUS_MOVE = YES;
				CLANG_WARN_UNGUARDED_AVAILABILITY = YES_AGGRESSIVE;
				CLANG_WARN_UNREACHABLE_CODE = YES;
				CLANG_WARN__DUPLICATE_METHOD_MATCH = YES;
				COPY_PHASE_STRIP = NO;
				DEBUG_INFORMATION_FORMAT = dwarf;
				ENABLE_STRICT_OBJC_MSGSEND = YES;
				ENABLE_TESTABILITY = YES;
				GCC_C_LANGUAGE_STANDARD = gnu11;
				GCC_DYNAMIC_NO_PIC = NO;
				GCC_NO_COMMON_BLOCKS = YES;
				GCC_OPTIMIZATION_LEVEL = 0;
				GCC_PREPROCESSOR_DEFINITIONS = (
					"DEBUG=1",
					"$(inherited)",
				);
				GCC_WARN_64_TO_32_BIT_CONVERSION = YES;
				GCC_WARN_ABOUT_RETURN_TYPE = YES_ERROR;
				GCC_WARN_UNDECLARED_SELECTOR = YES;
				GCC_WARN_UNINITIALIZED_AUTOS = YES_AGGRESSIVE;
				GCC_WARN_UNUSED_FUNCTION = YES;
				GCC_WARN_UNUSED_VARIABLE = YES;
				IPHONEOS_DEPLOYMENT_TARGET = 13.2;
				MTL_ENABLE_DEBUG_INFO = INCLUDE_SOURCE;
				MTL_FAST_MATH = YES;
				ONLY_ACTIVE_ARCH = YES;
				SDKROOT = iphoneos;
				SWIFT_ACTIVE_COMPILATION_CONDITIONS = DEBUG;
				SWIFT_OPTIMIZATION_LEVEL = "-Onone";
			};
			name = Debug;
		};
		427FE1BC23E99150001D1DA6 /* Release */ = {
			isa = XCBuildConfiguration;
			buildSettings = {
				ALWAYS_SEARCH_USER_PATHS = NO;
				CLANG_ANALYZER_NONNULL = YES;
				CLANG_ANALYZER_NUMBER_OBJECT_CONVERSION = YES_AGGRESSIVE;
				CLANG_CXX_LANGUAGE_STANDARD = "gnu++14";
				CLANG_CXX_LIBRARY = "libc++";
				CLANG_ENABLE_MODULES = YES;
				CLANG_ENABLE_OBJC_ARC = YES;
				CLANG_ENABLE_OBJC_WEAK = YES;
				CLANG_WARN_BLOCK_CAPTURE_AUTORELEASING = YES;
				CLANG_WARN_BOOL_CONVERSION = YES;
				CLANG_WARN_COMMA = YES;
				CLANG_WARN_CONSTANT_CONVERSION = YES;
				CLANG_WARN_DEPRECATED_OBJC_IMPLEMENTATIONS = YES;
				CLANG_WARN_DIRECT_OBJC_ISA_USAGE = YES_ERROR;
				CLANG_WARN_DOCUMENTATION_COMMENTS = YES;
				CLANG_WARN_EMPTY_BODY = YES;
				CLANG_WARN_ENUM_CONVERSION = YES;
				CLANG_WARN_INFINITE_RECURSION = YES;
				CLANG_WARN_INT_CONVERSION = YES;
				CLANG_WARN_NON_LITERAL_NULL_CONVERSION = YES;
				CLANG_WARN_OBJC_IMPLICIT_RETAIN_SELF = YES;
				CLANG_WARN_OBJC_LITERAL_CONVERSION = YES;
				CLANG_WARN_OBJC_ROOT_CLASS = YES_ERROR;
				CLANG_WARN_RANGE_LOOP_ANALYSIS = YES;
				CLANG_WARN_STRICT_PROTOTYPES = YES;
				CLANG_WARN_SUSPICIOUS_MOVE = YES;
				CLANG_WARN_UNGUARDED_AVAILABILITY = YES_AGGRESSIVE;
				CLANG_WARN_UNREACHABLE_CODE = YES;
				CLANG_WARN__DUPLICATE_METHOD_MATCH = YES;
				COPY_PHASE_STRIP = NO;
				DEBUG_INFORMATION_FORMAT = "dwarf-with-dsym";
				ENABLE_NS_ASSERTIONS = NO;
				ENABLE_STRICT_OBJC_MSGSEND = YES;
				GCC_C_LANGUAGE_STANDARD = gnu11;
				GCC_NO_COMMON_BLOCKS = YES;
				GCC_WARN_64_TO_32_BIT_CONVERSION = YES;
				GCC_WARN_ABOUT_RETURN_TYPE = YES_ERROR;
				GCC_WARN_UNDECLARED_SELECTOR = YES;
				GCC_WARN_UNINITIALIZED_AUTOS = YES_AGGRESSIVE;
				GCC_WARN_UNUSED_FUNCTION = YES;
				GCC_WARN_UNUSED_VARIABLE = YES;
				IPHONEOS_DEPLOYMENT_TARGET = 13.2;
				MTL_ENABLE_DEBUG_INFO = NO;
				MTL_FAST_MATH = YES;
				SDKROOT = iphoneos;
				SWIFT_COMPILATION_MODE = wholemodule;
				SWIFT_OPTIMIZATION_LEVEL = "-O";
				VALIDATE_PRODUCT = YES;
			};
			name = Release;
		};
		427FE1BE23E99150001D1DA6 /* Debug */ = {
			isa = XCBuildConfiguration;
			baseConfigurationReference = ECD83ECC86A9284D60899F17 /* Pods-Doggable.debug.xcconfig */;
			buildSettings = {
				ASSETCATALOG_COMPILER_APPICON_NAME = AppIcon;
				CLANG_ENABLE_MODULES = YES;
				CODE_SIGN_STYLE = Automatic;
				DEVELOPMENT_TEAM = 5DP37SM992;
				INFOPLIST_FILE = Doggable/Info.plist;
				LD_RUNPATH_SEARCH_PATHS = (
					"$(inherited)",
					"@executable_path/Frameworks",
				);
				PRODUCT_BUNDLE_IDENTIFIER = com.higuchiryunosuke.Doggable;
				PRODUCT_NAME = "$(TARGET_NAME)";
				SWIFT_OBJC_BRIDGING_HEADER = "Doggable/Doggable-Bridging-Header.h";
				SWIFT_OPTIMIZATION_LEVEL = "-Onone";
				SWIFT_VERSION = 5.0;
				TARGETED_DEVICE_FAMILY = "1,2";
			};
			name = Debug;
		};
		427FE1BF23E99150001D1DA6 /* Release */ = {
			isa = XCBuildConfiguration;
			baseConfigurationReference = E8723B0F44A83788F8EF0269 /* Pods-Doggable.release.xcconfig */;
			buildSettings = {
				ASSETCATALOG_COMPILER_APPICON_NAME = AppIcon;
				CLANG_ENABLE_MODULES = YES;
				CODE_SIGN_STYLE = Automatic;
				DEVELOPMENT_TEAM = 5DP37SM992;
				INFOPLIST_FILE = Doggable/Info.plist;
				LD_RUNPATH_SEARCH_PATHS = (
					"$(inherited)",
					"@executable_path/Frameworks",
				);
				PRODUCT_BUNDLE_IDENTIFIER = com.higuchiryunosuke.Doggable;
				PRODUCT_NAME = "$(TARGET_NAME)";
				SWIFT_OBJC_BRIDGING_HEADER = "Doggable/Doggable-Bridging-Header.h";
				SWIFT_VERSION = 5.0;
				TARGETED_DEVICE_FAMILY = "1,2";
			};
			name = Release;
		};
/* End XCBuildConfiguration section */

/* Begin XCConfigurationList section */
		427FE1A423E9914E001D1DA6 /* Build configuration list for PBXProject "Doggable" */ = {
			isa = XCConfigurationList;
			buildConfigurations = (
				427FE1BB23E99150001D1DA6 /* Debug */,
				427FE1BC23E99150001D1DA6 /* Release */,
			);
			defaultConfigurationIsVisible = 0;
			defaultConfigurationName = Release;
		};
		427FE1BD23E99150001D1DA6 /* Build configuration list for PBXNativeTarget "Doggable" */ = {
			isa = XCConfigurationList;
			buildConfigurations = (
				427FE1BE23E99150001D1DA6 /* Debug */,
				427FE1BF23E99150001D1DA6 /* Release */,
			);
			defaultConfigurationIsVisible = 0;
			defaultConfigurationName = Release;
		};
/* End XCConfigurationList section */
	};
	rootObject = 427FE1A123E9914E001D1DA6 /* Project object */;
}
